<Solution>
  <Folder Name="/src/">
    <Project Path="src/Sannel.Encoding.Manager.Web/Sannel.Encoding.Manager.Web.csproj" />
  </Folder>
  <Folder Name="/tests/">
    <Project Path="tests/Sannel.Encoding.Manager.HandBrake.Tests/Sannel.Encoding.Manager.HandBrake.Tests.csproj" />
  </Folder>
  <Project Path="docs/docs.csproj" />
</Solution>
